<?xml version="1.0" encoding="utf-8"?>
<Project ToolsVersion="4.0" xmlns="http://schemas.microsoft.com/developer/msbuild/2003">
  <ItemGroup>
    <Filter Include="源文件">
      <UniqueIdentifier>{4FC737F1-C7A5-4376-A066-2A32D752A2FF}</UniqueIdentifier>
      <Extensions>cpp;c;cc;cxx;def;odl;idl;hpj;bat;asm;asmx</Extensions>
    </Filter>
    <Filter Include="头文件">
      <UniqueIdentifier>{93995380-89BD-4b04-88EB-625FBE52EBFB}</UniqueIdentifier>
      <Extensions>h;hh;hpp;hxx;hm;inl;inc;xsd</Extensions>
    </Filter>
    <Filter Include="资源文件">
      <UniqueIdentifier>{67DA6AB6-F800-4c08-8B7A-83BB121AAD01}</UniqueIdentifier>
      <Extensions>rc;ico;cur;bmp;dlg;rc2;rct;bin;rgs;gif;jpg;jpeg;jpe;resx;tiff;tif;png;wav;mfcribbon-ms</Extensions>
    </Filter>
  </ItemGroup>
  <ItemGroup>
    <Text Include="ReadMe.txt" />
  </ItemGroup>
  <ItemGroup>
    <ClInclude Include="RPG Scenario Editor.h">
      <Filter>头文件</Filter>
    </ClInclude>
    <ClInclude Include="RPG Scenario EditorDlg.h">
      <Filter>头文件</Filter>
    </ClInclude>
    <ClInclude Include="stdafx.h">
      <Filter>头文件</Filter>
    </ClInclude>
    <ClInclude Include="targetver.h">
      <Filter>头文件</Filter>
    </ClInclude>
    <ClInclude Include="Resource.h">
      <Filter>头文件</Filter>
    </ClInclude>
    <ClInclude Include="EasyFile.h">
      <Filter>头文件</Filter>
    </ClInclude>
    <ClInclude Include="EasyListCtrl.h">
      <Filter>头文件</Filter>
    </ClInclude>
    <ClInclude Include="EasyText.h">
      <Filter>头文件</Filter>
    </ClInclude>
    <ClInclude Include="GV.h">
      <Filter>头文件</Filter>
    </ClInclude>
    <ClInclude Include="EasyPath.h">
      <Filter>头文件</Filter>
    </ClInclude>
    <ClInclude Include="EasyModel.h">
      <Filter>头文件</Filter>
    </ClInclude>
    <ClInclude Include="ImageLoader.h">
      <Filter>头文件</Filter>
    </ClInclude>
    <ClInclude Include="DlgLogin.h">
      <Filter>头文件</Filter>
    </ClInclude>
    <ClInclude Include="DlgRegister.h">
      <Filter>头文件</Filter>
    </ClInclude>
    <ClInclude Include="EncodeMD5.h">
      <Filter>头文件</Filter>
    </ClInclude>
    <ClInclude Include="User.h">
      <Filter>头文件</Filter>
    </ClInclude>
    <ClInclude Include="DlgNewMap.h">
      <Filter>头文件</Filter>
    </ClInclude>
    <ClInclude Include="GameMap.h">
      <Filter>头文件</Filter>
    </ClInclude>
    <ClInclude Include="TriggerAnalyzer.h">
      <Filter>头文件</Filter>
    </ClInclude>
    <ClInclude Include="DlgLoadMap.h">
      <Filter>头文件</Filter>
    </ClInclude>
    <ClInclude Include="ActionAnalyzer.h">
      <Filter>头文件</Filter>
    </ClInclude>
    <ClInclude Include="TriggerLoader.h">
      <Filter>头文件</Filter>
    </ClInclude>
    <ClInclude Include="DlgTriggerEditor.h">
      <Filter>头文件</Filter>
    </ClInclude>
  </ItemGroup>
  <ItemGroup>
    <ClCompile Include="RPG Scenario Editor.cpp">
      <Filter>源文件</Filter>
    </ClCompile>
    <ClCompile Include="RPG Scenario EditorDlg.cpp">
      <Filter>源文件</Filter>
    </ClCompile>
    <ClCompile Include="stdafx.cpp">
      <Filter>源文件</Filter>
    </ClCompile>
    <ClCompile Include="EasyFile.cpp">
      <Filter>源文件</Filter>
    </ClCompile>
    <ClCompile Include="EasyListCtrl.cpp">
      <Filter>源文件</Filter>
    </ClCompile>
    <ClCompile Include="EasyText.cpp">
      <Filter>源文件</Filter>
    </ClCompile>
    <ClCompile Include="GV.cpp">
      <Filter>源文件</Filter>
    </ClCompile>
    <ClCompile Include="EasyPath.cpp">
      <Filter>源文件</Filter>
    </ClCompile>
    <ClCompile Include="ImageLoad.cpp">
      <Filter>源文件</Filter>
    </ClCompile>
    <ClCompile Include="DlgLogin.cpp">
      <Filter>源文件</Filter>
    </ClCompile>
    <ClCompile Include="DlgRegister.cpp">
      <Filter>源文件</Filter>
    </ClCompile>
    <ClCompile Include="EncodeMD5.cpp">
      <Filter>源文件</Filter>
    </ClCompile>
    <ClCompile Include="User.cpp">
      <Filter>源文件</Filter>
    </ClCompile>
    <ClCompile Include="DlgNewMap.cpp">
      <Filter>源文件</Filter>
    </ClCompile>
    <ClCompile Include="GameMap.cpp">
      <Filter>源文件</Filter>
    </ClCompile>
    <ClCompile Include="TriggerAnalyzer.cpp">
      <Filter>源文件</Filter>
    </ClCompile>
    <ClCompile Include="DlgLoadMap.cpp">
      <Filter>源文件</Filter>
    </ClCompile>
    <ClCompile Include="ActionAnalyzer.cpp">
      <Filter>源文件</Filter>
    </ClCompile>
    <ClCompile Include="TriggerLoader.cpp">
      <Filter>源文件</Filter>
    </ClCompile>
    <ClCompile Include="DlgTriggerEditor.cpp">
      <Filter>源文件</Filter>
    </ClCompile>
  </ItemGroup>
  <ItemGroup>
    <ResourceCompile Include="RPG Scenario Editor.rc">
      <Filter>资源文件</Filter>
    </ResourceCompile>
  </ItemGroup>
  <ItemGroup>
    <None Include="res\RPGScenarioEditor.rc2">
      <Filter>资源文件</Filter>
    </None>
  </ItemGroup>
  <ItemGroup>
    <Image Include="res\RPG Scenario Editor.ico">
      <Filter>资源文件</Filter>
    </Image>
  </ItemGroup>
</Project>